
Microsoft Visual Studio Solution File, Format Version 12.00
# Visual Studio Version 17
VisualStudioVersion = 17.2.32630.192
MinimumVisualStudioVersion = 10.0.40219.1
Project("{FAE04EC0-301F-11D3-BF4B-00C04F79EFBC}") = "CPractice", "CPractice.csproj", "{D917822F-5374-4C24-8C20-A321B8DB5E9F}"
EndProject
Global
	GlobalSection(SolutionConfigurationPlatforms) = preSolution
		Debug|Any CPU = Debug|Any CPU
		Release|Any CPU = Release|Any CPU
	EndGlobalSection
	GlobalSection(ProjectConfigurationPlatforms) = postSolution
		{D917822F-5374-4C24-8C20-A321B8DB5E9F}.Debug|Any CPU.ActiveCfg = Debug|Any CPU
		{D917822F-5374-4C24-8C20-A321B8DB5E9F}.Debug|Any CPU.Build.0 = Debug|Any CPU
		{D917822F-5374-4C24-8C20-A321B8DB5E9F}.Release|Any CPU.ActiveCfg = Release|Any CPU
		{D917822F-5374-4C24-8C20-A321B8DB5E9F}.Release|Any CPU.Build.0 = Release|Any CPU
	EndGlobalSection
	GlobalSection(SolutionProperties) = preSolution
		HideSolutionNode = FALSE
	EndGlobalSection
	GlobalSection(ExtensibilityGlobals) = postSolution
		SolutionGuid = {C9988076-E934-42B0-9786-B5D32AAB57F9}
	EndGlobalSection
EndGlobal
